// !$*UTF8*$!
{
	archiveVersion = 1;
	classes = {
	};
	objectVersion = 48;
	objects = {

/* Begin PBXBuildFile section */
		5346A5B7878C1BBB32BBE220 /* Pods_TeacherSearchingSys.framework in Frameworks */ = {isa = PBXBuildFile; fileRef = 71403E87C6AFD48B9259DF13 /* Pods_TeacherSearchingSys.framework */; };
		AB1ACCEE20BA95A900D1E5FA /* BookmarkViewController.swift in Sources */ = {isa = PBXBuildFile; fileRef = AB1ACCED20BA95A800D1E5FA /* BookmarkViewController.swift */; };
		AB1ACCF120BD215100D1E5FA /* VCInfo.swift in Sources */ = {isa = PBXBuildFile; fileRef = AB1ACCF020BD215100D1E5FA /* VCInfo.swift */; };
		AB1ACCF320BE6D8C00D1E5FA /* Assets.xcassets in Resources */ = {isa = PBXBuildFile; fileRef = AB1ACCF220BE6D8B00D1E5FA /* Assets.xcassets */; };
		AB2EFC7820B8C450000DB52F /* PersonInfo.swift in Sources */ = {isa = PBXBuildFile; fileRef = AB2EFC7720B8C450000DB52F /* PersonInfo.swift */; };
		AB2EFC7A20B93A2D000DB52F /* School.swift in Sources */ = {isa = PBXBuildFile; fileRef = AB2EFC7920B93A2D000DB52F /* School.swift */; };
		AB2EFC7C20B93AF5000DB52F /* DepartmentInfo.swift in Sources */ = {isa = PBXBuildFile; fileRef = AB2EFC7B20B93AF5000DB52F /* DepartmentInfo.swift */; };
		AB2EFC7E20B94511000DB52F /* SchoolList.swift in Sources */ = {isa = PBXBuildFile; fileRef = AB2EFC7D20B94511000DB52F /* SchoolList.swift */; };
		AB4D534D20B7E621002D563C /* AppDelegate.swift in Sources */ = {isa = PBXBuildFile; fileRef = AB4D534C20B7E621002D563C /* AppDelegate.swift */; };
		AB4D534F20B7E621002D563C /* MapViewController.swift in Sources */ = {isa = PBXBuildFile; fileRef = AB4D534E20B7E621002D563C /* MapViewController.swift */; };
		AB4D535220B7E621002D563C /* Main.storyboard in Resources */ = {isa = PBXBuildFile; fileRef = AB4D535020B7E621002D563C /* Main.storyboard */; };
		AB4D535720B7E623002D563C /* LaunchScreen.storyboard in Resources */ = {isa = PBXBuildFile; fileRef = AB4D535520B7E623002D563C /* LaunchScreen.storyboard */; };
		AB4D536020B8042D002D563C /* DepartmentViewController.swift in Sources */ = {isa = PBXBuildFile; fileRef = AB4D535F20B8042C002D563C /* DepartmentViewController.swift */; };
		AB4D536220B81221002D563C /* SpecificDeptViewController.swift in Sources */ = {isa = PBXBuildFile; fileRef = AB4D536120B81221002D563C /* SpecificDeptViewController.swift */; };
		AB4D536420B813D4002D563C /* PersonViewController.swift in Sources */ = {isa = PBXBuildFile; fileRef = AB4D536320B813D4002D563C /* PersonViewController.swift */; };
		AB4D536620B81493002D563C /* FindSimilarViewController.swift in Sources */ = {isa = PBXBuildFile; fileRef = AB4D536520B81493002D563C /* FindSimilarViewController.swift */; };
/* End PBXBuildFile section */

/* Begin PBXFileReference section */
		009E581B40D61333FE54F76C /* Pods-TeacherSearchingSys.debug.xcconfig */ = {isa = PBXFileReference; includeInIndex = 1; lastKnownFileType = text.xcconfig; name = "Pods-TeacherSearchingSys.debug.xcconfig"; path = "Pods/Target Support Files/Pods-TeacherSearchingSys/Pods-TeacherSearchingSys.debug.xcconfig"; sourceTree = "<group>"; };
		50FB35367334551AEDBC911C /* Pods-TeacherSearchingSys.release.xcconfig */ = {isa = PBXFileReference; includeInIndex = 1; lastKnownFileType = text.xcconfig; name = "Pods-TeacherSearchingSys.release.xcconfig"; path = "Pods/Target Support Files/Pods-TeacherSearchingSys/Pods-TeacherSearchingSys.release.xcconfig"; sourceTree = "<group>"; };
		71403E87C6AFD48B9259DF13 /* Pods_TeacherSearchingSys.framework */ = {isa = PBXFileReference; explicitFileType = wrapper.framework; includeInIndex = 0; path = Pods_TeacherSearchingSys.framework; sourceTree = BUILT_PRODUCTS_DIR; };
		AB1ACCED20BA95A800D1E5FA /* BookmarkViewController.swift */ = {isa = PBXFileReference; fileEncoding = 4; lastKnownFileType = sourcecode.swift; path = BookmarkViewController.swift; sourceTree = "<group>"; };
		AB1ACCF020BD215100D1E5FA /* VCInfo.swift */ = {isa = PBXFileReference; lastKnownFileType = sourcecode.swift; path = VCInfo.swift; sourceTree = "<group>"; };
		AB1ACCF220BE6D8B00D1E5FA /* Assets.xcassets */ = {isa = PBXFileReference; lastKnownFileType = folder.assetcatalog; path = Assets.xcassets; sourceTree = "<group>"; };
		AB2EFC7720B8C450000DB52F /* PersonInfo.swift */ = {isa = PBXFileReference; lastKnownFileType = sourcecode.swift; path = PersonInfo.swift; sourceTree = "<group>"; };
		AB2EFC7920B93A2D000DB52F /* School.swift */ = {isa = PBXFileReference; lastKnownFileType = sourcecode.swift; path = School.swift; sourceTree = "<group>"; };
		AB2EFC7B20B93AF5000DB52F /* DepartmentInfo.swift */ = {isa = PBXFileReference; lastKnownFileType = sourcecode.swift; path = DepartmentInfo.swift; sourceTree = "<group>"; };
		AB2EFC7D20B94511000DB52F /* SchoolList.swift */ = {isa = PBXFileReference; lastKnownFileType = sourcecode.swift; path = SchoolList.swift; sourceTree = "<group>"; };
		AB4D534920B7E621002D563C /* TeacherSearchingSys.app */ = {isa = PBXFileReference; explicitFileType = wrapper.application; includeInIndex = 0; path = TeacherSearchingSys.app; sourceTree = BUILT_PRODUCTS_DIR; };
		AB4D534C20B7E621002D563C /* AppDelegate.swift */ = {isa = PBXFileReference; lastKnownFileType = sourcecode.swift; path = AppDelegate.swift; sourceTree = "<group>"; };
		AB4D534E20B7E621002D563C /* MapViewController.swift */ = {isa = PBXFileReference; lastKnownFileType = sourcecode.swift; path = MapViewController.swift; sourceTree = "<group>"; };
		AB4D535120B7E621002D563C /* Base */ = {isa = PBXFileReference; lastKnownFileType = file.storyboard; name = Base; path = Base.lproj/Main.storyboard; sourceTree = "<group>"; };
		AB4D535620B7E623002D563C /* Base */ = {isa = PBXFileReference; lastKnownFileType = file.storyboard; name = Base; path = Base.lproj/LaunchScreen.storyboard; sourceTree = "<group>"; };
		AB4D535820B7E623002D563C /* Info.plist */ = {isa = PBXFileReference; lastKnownFileType = text.plist.xml; path = Info.plist; sourceTree = "<group>"; };
		AB4D535F20B8042C002D563C /* DepartmentViewController.swift */ = {isa = PBXFileReference; lastKnownFileType = sourcecode.swift; path = DepartmentViewController.swift; sourceTree = "<group>"; };
		AB4D536120B81221002D563C /* SpecificDeptViewController.swift */ = {isa = PBXFileReference; lastKnownFileType = sourcecode.swift; path = SpecificDeptViewController.swift; sourceTree = "<group>"; };
		AB4D536320B813D4002D563C /* PersonViewController.swift */ = {isa = PBXFileReference; lastKnownFileType = sourcecode.swift; path = PersonViewController.swift; sourceTree = "<group>"; };
		AB4D536520B81493002D563C /* FindSimilarViewController.swift */ = {isa = PBXFileReference; lastKnownFileType = sourcecode.swift; path = FindSimilarViewController.swift; sourceTree = "<group>"; };
/* End PBXFileReference section */

/* Begin PBXFrameworksBuildPhase section */
		AB4D534620B7E621002D563C /* Frameworks */ = {
			isa = PBXFrameworksBuildPhase;
			buildActionMask = 2147483647;
			files = (
				5346A5B7878C1BBB32BBE220 /* Pods_TeacherSearchingSys.framework in Frameworks */,
			);
			runOnlyForDeploymentPostprocessing = 0;
		};
/* End PBXFrameworksBuildPhase section */

/* Begin PBXGroup section */
		9D07C163BA85340506D5B048 /* Pods */ = {
			isa = PBXGroup;
			children = (
				009E581B40D61333FE54F76C /* Pods-TeacherSearchingSys.debug.xcconfig */,
				50FB35367334551AEDBC911C /* Pods-TeacherSearchingSys.release.xcconfig */,
			);
			name = Pods;
			sourceTree = "<group>";
		};
		A48C14276E5A181321A6BA88 /* Frameworks */ = {
			isa = PBXGroup;
			children = (
				71403E87C6AFD48B9259DF13 /* Pods_TeacherSearchingSys.framework */,
			);
			name = Frameworks;
			sourceTree = "<group>";
		};
		AB1ACCEF20BAD25200D1E5FA /* ModelData */ = {
			isa = PBXGroup;
			children = (
				AB2EFC7720B8C450000DB52F /* PersonInfo.swift */,
				AB2EFC7920B93A2D000DB52F /* School.swift */,
				AB2EFC7B20B93AF5000DB52F /* DepartmentInfo.swift */,
				AB2EFC7D20B94511000DB52F /* SchoolList.swift */,
			);
			path = ModelData;
			sourceTree = "<group>";
		};
		AB2EFC7620B8C3C7000DB52F /* ViewController */ = {
			isa = PBXGroup;
			children = (
				AB1ACCED20BA95A800D1E5FA /* BookmarkViewController.swift */,
				AB4D534E20B7E621002D563C /* MapViewController.swift */,
				AB4D535F20B8042C002D563C /* DepartmentViewController.swift */,
				AB4D536120B81221002D563C /* SpecificDeptViewController.swift */,
				AB4D536320B813D4002D563C /* PersonViewController.swift */,
				AB4D536520B81493002D563C /* FindSimilarViewController.swift */,
				AB1ACCF020BD215100D1E5FA /* VCInfo.swift */,
			);
			path = ViewController;
			sourceTree = "<group>";
		};
		AB4D534020B7E621002D563C = {
			isa = PBXGroup;
			children = (
				AB4D534B20B7E621002D563C /* TeacherSearchingSys */,
				AB4D534A20B7E621002D563C /* Products */,
				9D07C163BA85340506D5B048 /* Pods */,
				A48C14276E5A181321A6BA88 /* Frameworks */,
			);
			sourceTree = "<group>";
		};
		AB4D534A20B7E621002D563C /* Products */ = {
			isa = PBXGroup;
			children = (
				AB4D534920B7E621002D563C /* TeacherSearchingSys.app */,
			);
			name = Products;
			sourceTree = "<group>";
		};
		AB4D534B20B7E621002D563C /* TeacherSearchingSys */ = {
			isa = PBXGroup;
			children = (
				AB2EFC7620B8C3C7000DB52F /* ViewController */,
				AB4D535020B7E621002D563C /* Main.storyboard */,
				AB4D535E20B7EB61002D563C /* Suppoting Files */,
				AB4D535820B7E623002D563C /* Info.plist */,
				AB1ACCEF20BAD25200D1E5FA /* ModelData */,
			);
			path = TeacherSearchingSys;
			sourceTree = "<group>";
		};
		AB4D535E20B7EB61002D563C /* Suppoting Files */ = {
			isa = PBXGroup;
			children = (
				AB1ACCF220BE6D8B00D1E5FA /* Assets.xcassets */,
				AB4D535520B7E623002D563C /* LaunchScreen.storyboard */,
				AB4D534C20B7E621002D563C /* AppDelegate.swift */,
			);
			path = "Suppoting Files";
			sourceTree = "<group>";
		};
/* End PBXGroup section */

/* Begin PBXNativeTarget section */
		AB4D534820B7E621002D563C /* TeacherSearchingSys */ = {
			isa = PBXNativeTarget;
			buildConfigurationList = AB4D535B20B7E623002D563C /* Build configuration list for PBXNativeTarget "TeacherSearchingSys" */;
			buildPhases = (
				C22C3CAD90281A46A716AB6C /* [CP] Check Pods Manifest.lock */,
				AB4D534520B7E621002D563C /* Sources */,
				AB4D534620B7E621002D563C /* Frameworks */,
				AB4D534720B7E621002D563C /* Resources */,
				E781A3CA0495D9FA3E02A740 /* [CP] Embed Pods Frameworks */,
			);
			buildRules = (
			);
			dependencies = (
			);
			name = TeacherSearchingSys;
			productName = TeacherSearchingSys;
			productReference = AB4D534920B7E621002D563C /* TeacherSearchingSys.app */;
			productType = "com.apple.product-type.application";
		};
/* End PBXNativeTarget section */

/* Begin PBXProject section */
		AB4D534120B7E621002D563C /* Project object */ = {
			isa = PBXProject;
			attributes = {
				LastSwiftUpdateCheck = 0930;
				LastUpgradeCheck = 0930;
				ORGANIZATIONNAME = AwesomeBill;
				TargetAttributes = {
					AB4D534820B7E621002D563C = {
						CreatedOnToolsVersion = 9.3.1;
						LastSwiftMigration = 0930;
						ProvisioningStyle = Automatic;
					};
				};
			};
			buildConfigurationList = AB4D534420B7E621002D563C /* Build configuration list for PBXProject "TeacherSearchingSys" */;
			compatibilityVersion = "Xcode 8.0";
			developmentRegion = en;
			hasScannedForEncodings = 0;
			knownRegions = (
				en,
				Base,
			);
			mainGroup = AB4D534020B7E621002D563C;
			productRefGroup = AB4D534A20B7E621002D563C /* Products */;
			projectDirPath = "";
			projectRoot = "";
			targets = (
				AB4D534820B7E621002D563C /* TeacherSearchingSys */,
			);
		};
/* End PBXProject section */

/* Begin PBXResourcesBuildPhase section */
		AB4D534720B7E621002D563C /* Resources */ = {
			isa = PBXResourcesBuildPhase;
			buildActionMask = 2147483647;
			files = (
				AB4D535720B7E623002D563C /* LaunchScreen.storyboard in Resources */,
				AB1ACCF320BE6D8C00D1E5FA /* Assets.xcassets in Resources */,
				AB4D535220B7E621002D563C /* Main.storyboard in Resources */,
			);
			runOnlyForDeploymentPostprocessing = 0;
		};
/* End PBXResourcesBuildPhase section */

/* Begin PBXShellScriptBuildPhase section */
		C22C3CAD90281A46A716AB6C /* [CP] Check Pods Manifest.lock */ = {
			isa = PBXShellScriptBuildPhase;
			buildActionMask = 2147483647;
			files = (
			);
			inputPaths = (
				"${PODS_PODFILE_DIR_PATH}/Podfile.lock",
				"${PODS_ROOT}/Manifest.lock",
			);
			name = "[CP] Check Pods Manifest.lock";
			outputPaths = (
				"$(DERIVED_FILE_DIR)/Pods-TeacherSearchingSys-checkManifestLockResult.txt",
			);
			runOnlyForDeploymentPostprocessing = 0;
			shellPath = /bin/sh;
			shellScript = "diff \"${PODS_PODFILE_DIR_PATH}/Podfile.lock\" \"${PODS_ROOT}/Manifest.lock\" > /dev/null\nif [ $? != 0 ] ; then\n    # print error to STDERR\n    echo \"error: The sandbox is not in sync with the Podfile.lock. Run 'pod install' or update your CocoaPods installation.\" >&2\n    exit 1\nfi\n# This output is used by Xcode 'outputs' to avoid re-running this script phase.\necho \"SUCCESS\" > \"${SCRIPT_OUTPUT_FILE_0}\"\n";
			showEnvVarsInLog = 0;
		};
		E781A3CA0495D9FA3E02A740 /* [CP] Embed Pods Frameworks */ = {
			isa = PBXShellScriptBuildPhase;
			buildActionMask = 2147483647;
			files = (
			);
			inputPaths = (
				"${SRCROOT}/Pods/Target Support Files/Pods-TeacherSearchingSys/Pods-TeacherSearchingSys-frameworks.sh",
				"${BUILT_PRODUCTS_DIR}/SwiftGifOrigin/SwiftGifOrigin.framework",
			);
			name = "[CP] Embed Pods Frameworks";
			outputPaths = (
				"${TARGET_BUILD_DIR}/${FRAMEWORKS_FOLDER_PATH}/SwiftGifOrigin.framework",
			);
			runOnlyForDeploymentPostprocessing = 0;
			shellPath = /bin/sh;
			shellScript = "\"${SRCROOT}/Pods/Target Support Files/Pods-TeacherSearchingSys/Pods-TeacherSearchingSys-frameworks.sh\"\n";
			showEnvVarsInLog = 0;
		};
/* End PBXShellScriptBuildPhase section */

/* Begin PBXSourcesBuildPhase section */
		AB4D534520B7E621002D563C /* Sources */ = {
			isa = PBXSourcesBuildPhase;
			buildActionMask = 2147483647;
			files = (
				AB1ACCEE20BA95A900D1E5FA /* BookmarkViewController.swift in Sources */,
				AB4D536420B813D4002D563C /* PersonViewController.swift in Sources */,
				AB2EFC7820B8C450000DB52F /* PersonInfo.swift in Sources */,
				AB4D536020B8042D002D563C /* DepartmentViewController.swift in Sources */,
				AB1ACCF120BD215100D1E5FA /* VCInfo.swift in Sources */,
				AB2EFC7E20B94511000DB52F /* SchoolList.swift in Sources */,
				AB4D534F20B7E621002D563C /* MapViewController.swift in Sources */,
				AB2EFC7C20B93AF5000DB52F /* DepartmentInfo.swift in Sources */,
				AB4D536620B81493002D563C /* FindSimilarViewController.swift in Sources */,
				AB4D536220B81221002D563C /* SpecificDeptViewController.swift in Sources */,
				AB4D534D20B7E621002D563C /* AppDelegate.swift in Sources */,
				AB2EFC7A20B93A2D000DB52F /* School.swift in Sources */,
			);
			runOnlyForDeploymentPostprocessing = 0;
		};
/* End PBXSourcesBuildPhase section */

/* Begin PBXVariantGroup section */
		AB4D535020B7E621002D563C /* Main.storyboard */ = {
			isa = PBXVariantGroup;
			children = (
				AB4D535120B7E621002D563C /* Base */,
			);
			name = Main.storyboard;
			sourceTree = "<group>";
		};
		AB4D535520B7E623002D563C /* LaunchScreen.storyboard */ = {
			isa = PBXVariantGroup;
			children = (
				AB4D535620B7E623002D563C /* Base */,
			);
			name = LaunchScreen.storyboard;
			sourceTree = "<group>";
		};
/* End PBXVariantGroup section */

/* Begin XCBuildConfiguration section */
		AB4D535920B7E623002D563C /* Debug */ = {
			isa = XCBuildConfiguration;
			buildSettings = {
				ALWAYS_SEARCH_USER_PATHS = NO;
				CLANG_ANALYZER_NONNULL = YES;
				CLANG_ANALYZER_NUMBER_OBJECT_CONVERSION = YES_AGGRESSIVE;
				CLANG_CXX_LANGUAGE_STANDARD = "gnu++14";
				CLANG_CXX_LIBRARY = "libc++";
				CLANG_ENABLE_MODULES = YES;
				CLANG_ENABLE_OBJC_ARC = YES;
				CLANG_ENABLE_OBJC_WEAK = YES;
				CLANG_WARN_BLOCK_CAPTURE_AUTORELEASING = YES;
				CLANG_WARN_BOOL_CONVERSION = YES;
				CLANG_WARN_COMMA = YES;
				CLANG_WARN_CONSTANT_CONVERSION = YES;
				CLANG_WARN_DEPRECATED_OBJC_IMPLEMENTATIONS = YES;
				CLANG_WARN_DIRECT_OBJC_ISA_USAGE = YES_ERROR;
				CLANG_WARN_DOCUMENTATION_COMMENTS = YES;
				CLANG_WARN_EMPTY_BODY = YES;
				CLANG_WARN_ENUM_CONVERSION = YES;
				CLANG_WARN_INFINITE_RECURSION = YES;
				CLANG_WARN_INT_CONVERSION = YES;
				CLANG_WARN_NON_LITERAL_NULL_CONVERSION = YES;
				CLANG_WARN_OBJC_IMPLICIT_RETAIN_SELF = YES;
				CLANG_WARN_OBJC_LITERAL_CONVERSION = YES;
				CLANG_WARN_OBJC_ROOT_CLASS = YES_ERROR;
				CLANG_WARN_RANGE_LOOP_ANALYSIS = YES;
				CLANG_WARN_STRICT_PROTOTYPES = YES;
				CLANG_WARN_SUSPICIOUS_MOVE = YES;
				CLANG_WARN_UNGUARDED_AVAILABILITY = YES_AGGRESSIVE;
				CLANG_WARN_UNREACHABLE_CODE = YES;
				CLANG_WARN__DUPLICATE_METHOD_MATCH = YES;
				CODE_SIGN_IDENTITY = "iPhone Developer";
				COPY_PHASE_STRIP = NO;
				DEBUG_INFORMATION_FORMAT = dwarf;
				ENABLE_STRICT_OBJC_MSGSEND = YES;
				ENABLE_TESTABILITY = YES;
				GCC_C_LANGUAGE_STANDARD = gnu11;
				GCC_DYNAMIC_NO_PIC = NO;
				GCC_NO_COMMON_BLOCKS = YES;
				GCC_OPTIMIZATION_LEVEL = 0;
				GCC_PREPROCESSOR_DEFINITIONS = (
					"DEBUG=1",
					"$(inherited)",
				);
				GCC_WARN_64_TO_32_BIT_CONVERSION = YES;
				GCC_WARN_ABOUT_RETURN_TYPE = YES_ERROR;
				GCC_WARN_UNDECLARED_SELECTOR = YES;
				GCC_WARN_UNINITIALIZED_AUTOS = YES_AGGRESSIVE;
				GCC_WARN_UNUSED_FUNCTION = YES;
				GCC_WARN_UNUSED_VARIABLE = YES;
				IPHONEOS_DEPLOYMENT_TARGET = 11.3;
				MTL_ENABLE_DEBUG_INFO = YES;
				ONLY_ACTIVE_ARCH = YES;
				SDKROOT = iphoneos;
				SWIFT_ACTIVE_COMPILATION_CONDITIONS = DEBUG;
				SWIFT_OPTIMIZATION_LEVEL = "-Onone";
			};
			name = Debug;
		};
		AB4D535A20B7E623002D563C /* Release */ = {
			isa = XCBuildConfiguration;
			buildSettings = {
				ALWAYS_SEARCH_USER_PATHS = NO;
				CLANG_ANALYZER_NONNULL = YES;
				CLANG_ANALYZER_NUMBER_OBJECT_CONVERSION = YES_AGGRESSIVE;
				CLANG_CXX_LANGUAGE_STANDARD = "gnu++14";
				CLANG_CXX_LIBRARY = "libc++";
				CLANG_ENABLE_MODULES = YES;
				CLANG_ENABLE_OBJC_ARC = YES;
				CLANG_ENABLE_OBJC_WEAK = YES;
				CLANG_WARN_BLOCK_CAPTURE_AUTORELEASING = YES;
				CLANG_WARN_BOOL_CONVERSION = YES;
				CLANG_WARN_COMMA = YES;
				CLANG_WARN_CONSTANT_CONVERSION = YES;
				CLANG_WARN_DEPRECATED_OBJC_IMPLEMENTATIONS = YES;
				CLANG_WARN_DIRECT_OBJC_ISA_USAGE = YES_ERROR;
				CLANG_WARN_DOCUMENTATION_COMMENTS = YES;
				CLANG_WARN_EMPTY_BODY = YES;
				CLANG_WARN_ENUM_CONVERSION = YES;
				CLANG_WARN_INFINITE_RECURSION = YES;
				CLANG_WARN_INT_CONVERSION = YES;
				CLANG_WARN_NON_LITERAL_NULL_CONVERSION = YES;
				CLANG_WARN_OBJC_IMPLICIT_RETAIN_SELF = YES;
				CLANG_WARN_OBJC_LITERAL_CONVERSION = YES;
				CLANG_WARN_OBJC_ROOT_CLASS = YES_ERROR;
				CLANG_WARN_RANGE_LOOP_ANALYSIS = YES;
				CLANG_WARN_STRICT_PROTOTYPES = YES;
				CLANG_WARN_SUSPICIOUS_MOVE = YES;
				CLANG_WARN_UNGUARDED_AVAILABILITY = YES_AGGRESSIVE;
				CLANG_WARN_UNREACHABLE_CODE = YES;
				CLANG_WARN__DUPLICATE_METHOD_MATCH = YES;
				CODE_SIGN_IDENTITY = "iPhone Developer";
				COPY_PHASE_STRIP = NO;
				DEBUG_INFORMATION_FORMAT = "dwarf-with-dsym";
				ENABLE_NS_ASSERTIONS = NO;
				ENABLE_STRICT_OBJC_MSGSEND = YES;
				GCC_C_LANGUAGE_STANDARD = gnu11;
				GCC_NO_COMMON_BLOCKS = YES;
				GCC_WARN_64_TO_32_BIT_CONVERSION = YES;
				GCC_WARN_ABOUT_RETURN_TYPE = YES_ERROR;
				GCC_WARN_UNDECLARED_SELECTOR = YES;
				GCC_WARN_UNINITIALIZED_AUTOS = YES_AGGRESSIVE;
				GCC_WARN_UNUSED_FUNCTION = YES;
				GCC_WARN_UNUSED_VARIABLE = YES;
				IPHONEOS_DEPLOYMENT_TARGET = 11.3;
				MTL_ENABLE_DEBUG_INFO = NO;
				SDKROOT = iphoneos;
				SWIFT_OPTIMIZATION_LEVEL = "-Owholemodule";
				VALIDATE_PRODUCT = YES;
			};
			name = Release;
		};
		AB4D535C20B7E623002D563C /* Debug */ = {
			isa = XCBuildConfiguration;
			baseConfigurationReference = 009E581B40D61333FE54F76C /* Pods-TeacherSearchingSys.debug.xcconfig */;
			buildSettings = {
				ASSETCATALOG_COMPILER_APPICON_NAME = AppIcon;
				CLANG_ENABLE_MODULES = YES;
				CODE_SIGN_STYLE = Automatic;
				DEVELOPMENT_TEAM = C3GY856MLH;
				INFOPLIST_FILE = TeacherSearchingSys/Info.plist;
				IPHONEOS_DEPLOYMENT_TARGET = 11.4;
				LD_RUNPATH_SEARCH_PATHS = "$(inherited) @executable_path/Frameworks";
				PRODUCT_BUNDLE_IDENTIFIER = bill1235813.TeacherSearchingSys;
				PRODUCT_NAME = "$(TARGET_NAME)";
				SWIFT_OPTIMIZATION_LEVEL = "-Onone";
				SWIFT_VERSION = 4.0;
				TARGETED_DEVICE_FAMILY = "1,2";
			};
			name = Debug;
		};
		AB4D535D20B7E623002D563C /* Release */ = {
			isa = XCBuildConfiguration;
			baseConfigurationReference = 50FB35367334551AEDBC911C /* Pods-TeacherSearchingSys.release.xcconfig */;
			buildSettings = {
				ASSETCATALOG_COMPILER_APPICON_NAME = AppIcon;
				CLANG_ENABLE_MODULES = YES;
				CODE_SIGN_STYLE = Automatic;
				DEVELOPMENT_TEAM = C3GY856MLH;
				INFOPLIST_FILE = TeacherSearchingSys/Info.plist;
				IPHONEOS_DEPLOYMENT_TARGET = 11.4;
				LD_RUNPATH_SEARCH_PATHS = "$(inherited) @executable_path/Frameworks";
				PRODUCT_BUNDLE_IDENTIFIER = bill1235813.TeacherSearchingSys;
				PRODUCT_NAME = "$(TARGET_NAME)";
				SWIFT_VERSION = 4.0;
				TARGETED_DEVICE_FAMILY = "1,2";
			};
			name = Release;
		};
/* End XCBuildConfiguration section */

/* Begin XCConfigurationList section */
		AB4D534420B7E621002D563C /* Build configuration list for PBXProject "TeacherSearchingSys" */ = {
			isa = XCConfigurationList;
			buildConfigurations = (
				AB4D535920B7E623002D563C /* Debug */,
				AB4D535A20B7E623002D563C /* Release */,
			);
			defaultConfigurationIsVisible = 0;
			defaultConfigurationName = Release;
		};
		AB4D535B20B7E623002D563C /* Build configuration list for PBXNativeTarget "TeacherSearchingSys" */ = {
			isa = XCConfigurationList;
			buildConfigurations = (
				AB4D535C20B7E623002D563C /* Debug */,
				AB4D535D20B7E623002D563C /* Release */,
			);
			defaultConfigurationIsVisible = 0;
			defaultConfigurationName = Release;
		};
/* End XCConfigurationList section */
	};
	rootObject = AB4D534120B7E621002D563C /* Project object */;
}
